
Microsoft Visual Studio Solution File, Format Version 12.00
# Visual Studio 2012
Project("{FAE04EC0-301F-11D3-BF4B-00C04F79EFBC}") = "CodeBuilder", "CodeBuilder\CodeBuilder.csproj", "{EBBB1CFC-CEB3-44F3-83CD-67BDC181E3A9}"
EndProject
Project("{FAE04EC0-301F-11D3-BF4B-00C04F79EFBC}") = "CodeBuilder.Sample", "CodeBuilder.Sample\CodeBuilder.Sample.csproj", "{24ADEB7C-916A-48BC-86F0-4917BABAA57E}"
EndProject
Global
	GlobalSection(SolutionConfigurationPlatforms) = preSolution
		Debug|Any CPU = Debug|Any CPU
		Release|Any CPU = Release|Any CPU
	EndGlobalSection
	GlobalSection(ProjectConfigurationPlatforms) = postSolution
		{EBBB1CFC-CEB3-44F3-83CD-67BDC181E3A9}.Debug|Any CPU.ActiveCfg = Debug|Any CPU
		{EBBB1CFC-CEB3-44F3-83CD-67BDC181E3A9}.Debug|Any CPU.Build.0 = Debug|Any CPU
		{EBBB1CFC-CEB3-44F3-83CD-67BDC181E3A9}.Release|Any CPU.ActiveCfg = Release|Any CPU
		{EBBB1CFC-CEB3-44F3-83CD-67BDC181E3A9}.Release|Any CPU.Build.0 = Release|Any CPU
		{24ADEB7C-916A-48BC-86F0-4917BABAA57E}.Debug|Any CPU.ActiveCfg = Debug|Any CPU
		{24ADEB7C-916A-48BC-86F0-4917BABAA57E}.Debug|Any CPU.Build.0 = Debug|Any CPU
		{24ADEB7C-916A-48BC-86F0-4917BABAA57E}.Release|Any CPU.ActiveCfg = Release|Any CPU
		{24ADEB7C-916A-48BC-86F0-4917BABAA57E}.Release|Any CPU.Build.0 = Release|Any CPU
	EndGlobalSection
EndGlobal
